github.com/Azure/azure-sdk-for-go/sdk/ai/azopenai v0.3.0 h1:x7fb22Q43h2DRFCvp9rAua8PoV3gwtl1bK5+pihnihA=
github.com/Azure/azure-sdk-for-go/sdk/ai/azopenai v0.3.0/go.mod h1:zPJgGMjMheJJrYgrQ4W8NrNCWtWXAkjI3KWYFnTtwdA=
github.com/Azure/azure-sdk-for-go/sdk/azcore v1.6.1 h1:SEy2xmstIphdPwNBUi7uhvjyjhVKISfwjfOJmuy7kg4=
github.com/Azure/azure-sdk-for-go/sdk/azcore v1.6.1/go.mod h1:bjGvMhVMb+EEm3VRNQawDMUyMMjo+S5ewNjflkep/0Q=
github.com/Azure/azure-sdk-for-go/sdk/azcore v1.8.0 h1:9kDVnTz3vbfweTqAUmk/a/pH5pWFCHtvRpHYC0G/dcA=
github.com/Azure/azure-sdk-for-go/sdk/azcore v1.8.0/go.mod h1:3Ug6Qzto9anB6mGlEdgYMDF5zHQ+wwhEaYR4s17PHMw=
github.com/Azure/azure-sdk-for-go/sdk/internal v1.3.0 h1:sXr+ck84g/ZlZUOZiNELInmMgOsuGwdjjVkEIde0OtY=
github.com/Azure/azure-sdk-for-go/sdk/internal v1.3.0/go.mod h1:okt5dMMTOFjX/aovMlrjvvXoPMBVSPzk9185BT0+eZM=
golang.org/x/net v0.8.0 h1:Zrh2ngAOFYneWTAIAPethzeaQLuHwhuBkuV6ZiRnUaQ=
golang.org/x/net v0.8.0/go.mod h1:QVkue5JL9kW//ek3r6jTKnTFis1tRmNAW2P1shuFdJc=
golang.org/x/net v0.15.0 h1:ugBLEUaxABaB5AJqW9enI0ACdci2RUd4eP51NTBvuJ8=
golang.org/x/net v0.15.0/go.mod h1:idbUs1IY1+zTqbi8yxTbhexhEEk5ur9LInksu6HrEpk=
golang.org/x/text v0.8.0 h1:57P1ETyNKtuIjB4SRd15iJxuhj8Gc416Y78H3qgMh68=
golang.org/x/text v0.8.0/go.mod h1:e1OnstbJyHTd6l/uOt8jFFHp6TRDWZR/bV3emEE/zU8=
golang.org/x/text v0.13.0 h1:ablQoSUd0tRdKxZewP80B+BaqeKJuVhuRxj/dkrun3k=
golang.org/x/text v0.13.0/go.mod h1:TvPlkZtksWOMsz7fbANvkp4WM8x/WCo/om8BMLbz+aE=
